
Microsoft Visual Studio Solution File, Format Version 12.00
# Visual Studio Version 17
VisualStudioVersion = 17.6.33829.357
MinimumVisualStudioVersion = 10.0.40219.1
Project("{2150E333-8FDC-42A3-9474-1A3956D46DE8}") = "1 - Api", "1 - Api", "{8EC4356D-0BEA-4E63-A7F2-1BFBD13A7E6E}"
EndProject
Project("{2150E333-8FDC-42A3-9474-1A3956D46DE8}") = "2 - Application", "2 - Application", "{6FF8F32F-1147-4F8C-AA90-9BF2CC5FE708}"
EndProject
Project("{2150E333-8FDC-42A3-9474-1A3956D46DE8}") = "3 - Domain", "3 - Domain", "{E9CD8E36-F2BF-4CE1-85A5-93247C0480DE}"
EndProject
Project("{2150E333-8FDC-42A3-9474-1A3956D46DE8}") = "4 - Infrastructure", "4 - Infrastructure", "{4DF4EF9E-CD82-457F-8814-3DF3C5AC3BF9}"
EndProject
Project("{9A19103F-16F7-4668-BE54-9A1E7A4F7556}") = "SL.VehicleMaintenance.Api", "src\SL.VehicleMaintenance.Api\SL.VehicleMaintenance.Api.csproj", "{EF950B9B-99AC-4BB3-A44C-B35728246934}"
EndProject
Project("{9A19103F-16F7-4668-BE54-9A1E7A4F7556}") = "SL.VehicleMaintenance.Api.Tests", "tests\SL.VehicleMaintenance.Api.Tests\SL.VehicleMaintenance.Api.Tests.csproj", "{4565B149-92E5-4A09-944E-C51BEFE8160A}"
EndProject
Project("{9A19103F-16F7-4668-BE54-9A1E7A4F7556}") = "SL.VehicleMaintenance.Application", "src\SL.VehicleMaintenance.Application\SL.VehicleMaintenance.Application.csproj", "{1E305DD1-8116-4478-A037-09CC0B80BC75}"
EndProject
Project("{9A19103F-16F7-4668-BE54-9A1E7A4F7556}") = "SL.VehicleMaintenance.Application.Tests", "tests\SL.VehicleMaintenance.Application.Tests\SL.VehicleMaintenance.Application.Tests.csproj", "{10502832-5D72-4EFF-A662-E20AAC0B654C}"
EndProject
Project("{9A19103F-16F7-4668-BE54-9A1E7A4F7556}") = "SL.VehicleMaintenance.Domain", "src\SL.VehicleMaintenance.Domain\SL.VehicleMaintenance.Domain.csproj", "{71F31FC2-FECD-457E-8513-3705CB50E5E9}"
EndProject
Project("{9A19103F-16F7-4668-BE54-9A1E7A4F7556}") = "SL.VehicleMaintenance.Domain.Tests", "tests\SL.VehicleMaintenance.Domain.Tests\SL.VehicleMaintenance.Domain.Tests.csproj", "{59960314-DD16-4E15-A50D-A021ACFF549B}"
EndProject
Project("{9A19103F-16F7-4668-BE54-9A1E7A4F7556}") = "SL.VehicleMaintenance.Infrastructure", "src\SL.VehicleMaintenance.Infrastructure\SL.VehicleMaintenance.Infrastructure.csproj", "{68E6462E-5ABF-4818-9775-82A92BACA5B3}"
EndProject
Project("{9A19103F-16F7-4668-BE54-9A1E7A4F7556}") = "SL.VehicleMaintenance.Infrastructure.Tests", "tests\SL.VehicleMaintenance.Infrastructure.Tests\SL.VehicleMaintenance.Infrastructure.Tests.csproj", "{B22A9886-547E-4089-A3E4-F1C7C7C824B8}"
EndProject
Global
	GlobalSection(SolutionConfigurationPlatforms) = preSolution
		Debug|Any CPU = Debug|Any CPU
		Release|Any CPU = Release|Any CPU
	EndGlobalSection
	GlobalSection(ProjectConfigurationPlatforms) = postSolution
		{EF950B9B-99AC-4BB3-A44C-B35728246934}.Debug|Any CPU.ActiveCfg = Debug|Any CPU
		{EF950B9B-99AC-4BB3-A44C-B35728246934}.Debug|Any CPU.Build.0 = Debug|Any CPU
		{EF950B9B-99AC-4BB3-A44C-B35728246934}.Release|Any CPU.ActiveCfg = Release|Any CPU
		{EF950B9B-99AC-4BB3-A44C-B35728246934}.Release|Any CPU.Build.0 = Release|Any CPU
		{4565B149-92E5-4A09-944E-C51BEFE8160A}.Debug|Any CPU.ActiveCfg = Debug|Any CPU
		{4565B149-92E5-4A09-944E-C51BEFE8160A}.Debug|Any CPU.Build.0 = Debug|Any CPU
		{4565B149-92E5-4A09-944E-C51BEFE8160A}.Release|Any CPU.ActiveCfg = Release|Any CPU
		{4565B149-92E5-4A09-944E-C51BEFE8160A}.Release|Any CPU.Build.0 = Release|Any CPU
		{1E305DD1-8116-4478-A037-09CC0B80BC75}.Debug|Any CPU.ActiveCfg = Debug|Any CPU
		{1E305DD1-8116-4478-A037-09CC0B80BC75}.Debug|Any CPU.Build.0 = Debug|Any CPU
		{1E305DD1-8116-4478-A037-09CC0B80BC75}.Release|Any CPU.ActiveCfg = Release|Any CPU
		{1E305DD1-8116-4478-A037-09CC0B80BC75}.Release|Any CPU.Build.0 = Release|Any CPU
		{10502832-5D72-4EFF-A662-E20AAC0B654C}.Debug|Any CPU.ActiveCfg = Debug|Any CPU
		{10502832-5D72-4EFF-A662-E20AAC0B654C}.Debug|Any CPU.Build.0 = Debug|Any CPU
		{10502832-5D72-4EFF-A662-E20AAC0B654C}.Release|Any CPU.ActiveCfg = Release|Any CPU
		{10502832-5D72-4EFF-A662-E20AAC0B654C}.Release|Any CPU.Build.0 = Release|Any CPU
		{71F31FC2-FECD-457E-8513-3705CB50E5E9}.Debug|Any CPU.ActiveCfg = Debug|Any CPU
		{71F31FC2-FECD-457E-8513-3705CB50E5E9}.Debug|Any CPU.Build.0 = Debug|Any CPU
		{71F31FC2-FECD-457E-8513-3705CB50E5E9}.Release|Any CPU.ActiveCfg = Release|Any CPU
		{71F31FC2-FECD-457E-8513-3705CB50E5E9}.Release|Any CPU.Build.0 = Release|Any CPU
		{59960314-DD16-4E15-A50D-A021ACFF549B}.Debug|Any CPU.ActiveCfg = Debug|Any CPU
		{59960314-DD16-4E15-A50D-A021ACFF549B}.Debug|Any CPU.Build.0 = Debug|Any CPU
		{59960314-DD16-4E15-A50D-A021ACFF549B}.Release|Any CPU.ActiveCfg = Release|Any CPU
		{59960314-DD16-4E15-A50D-A021ACFF549B}.Release|Any CPU.Build.0 = Release|Any CPU
		{68E6462E-5ABF-4818-9775-82A92BACA5B3}.Debug|Any CPU.ActiveCfg = Debug|Any CPU
		{68E6462E-5ABF-4818-9775-82A92BACA5B3}.Debug|Any CPU.Build.0 = Debug|Any CPU
		{68E6462E-5ABF-4818-9775-82A92BACA5B3}.Release|Any CPU.ActiveCfg = Release|Any CPU
		{68E6462E-5ABF-4818-9775-82A92BACA5B3}.Release|Any CPU.Build.0 = Release|Any CPU
		{B22A9886-547E-4089-A3E4-F1C7C7C824B8}.Debug|Any CPU.ActiveCfg = Debug|Any CPU
		{B22A9886-547E-4089-A3E4-F1C7C7C824B8}.Debug|Any CPU.Build.0 = Debug|Any CPU
		{B22A9886-547E-4089-A3E4-F1C7C7C824B8}.Release|Any CPU.ActiveCfg = Release|Any CPU
		{B22A9886-547E-4089-A3E4-F1C7C7C824B8}.Release|Any CPU.Build.0 = Release|Any CPU
	EndGlobalSection
	GlobalSection(SolutionProperties) = preSolution
		HideSolutionNode = FALSE
	EndGlobalSection
	GlobalSection(NestedProjects) = preSolution
		{EF950B9B-99AC-4BB3-A44C-B35728246934} = {8EC4356D-0BEA-4E63-A7F2-1BFBD13A7E6E}
		{4565B149-92E5-4A09-944E-C51BEFE8160A} = {8EC4356D-0BEA-4E63-A7F2-1BFBD13A7E6E}
		{1E305DD1-8116-4478-A037-09CC0B80BC75} = {6FF8F32F-1147-4F8C-AA90-9BF2CC5FE708}
		{10502832-5D72-4EFF-A662-E20AAC0B654C} = {6FF8F32F-1147-4F8C-AA90-9BF2CC5FE708}
		{71F31FC2-FECD-457E-8513-3705CB50E5E9} = {E9CD8E36-F2BF-4CE1-85A5-93247C0480DE}
		{59960314-DD16-4E15-A50D-A021ACFF549B} = {E9CD8E36-F2BF-4CE1-85A5-93247C0480DE}
		{68E6462E-5ABF-4818-9775-82A92BACA5B3} = {4DF4EF9E-CD82-457F-8814-3DF3C5AC3BF9}
		{B22A9886-547E-4089-A3E4-F1C7C7C824B8} = {4DF4EF9E-CD82-457F-8814-3DF3C5AC3BF9}
	EndGlobalSection
	GlobalSection(ExtensibilityGlobals) = postSolution
		SolutionGuid = {970036FD-C9C8-4AB3-ABBA-2E1A76B78C8F}
	EndGlobalSection
EndGlobal
